
Microsoft Visual Studio Solution File, Format Version 12.00
# Visual Studio Version 17
VisualStudioVersion = 17.2.32616.157
MinimumVisualStudioVersion = 10.0.40219.1
Project("{FAE04EC0-301F-11D3-BF4B-00C04F79EFBC}") = "TwoDecksWPF", "TwoDecksWPF.csproj", "{A162B884-972A-4991-80AD-34CFEDFBD000}"
EndProject
Global
	GlobalSection(SolutionConfigurationPlatforms) = preSolution
		Debug|Any CPU = Debug|Any CPU
		Release|Any CPU = Release|Any CPU
	EndGlobalSection
	GlobalSection(ProjectConfigurationPlatforms) = postSolution
		{A162B884-972A-4991-80AD-34CFEDFBD000}.Debug|Any CPU.ActiveCfg = Debug|Any CPU
		{A162B884-972A-4991-80AD-34CFEDFBD000}.Debug|Any CPU.Build.0 = Debug|Any CPU
		{A162B884-972A-4991-80AD-34CFEDFBD000}.Release|Any CPU.ActiveCfg = Release|Any CPU
		{A162B884-972A-4991-80AD-34CFEDFBD000}.Release|Any CPU.Build.0 = Release|Any CPU
	EndGlobalSection
	GlobalSection(SolutionProperties) = preSolution
		HideSolutionNode = FALSE
	EndGlobalSection
	GlobalSection(ExtensibilityGlobals) = postSolution
		SolutionGuid = {E4C0A805-DD71-4F78-AEEC-9038C939B669}
	EndGlobalSection
EndGlobal
