
Microsoft Visual Studio Solution File, Format Version 12.00
# Visual Studio Version 17
VisualStudioVersion = 17.2.32616.157
MinimumVisualStudioVersion = 10.0.40219.1
Project("{FAE04EC0-301F-11D3-BF4B-00C04F79EFBC}") = "JumbledCards", "JumbledCards.csproj", "{8C5118E6-B8CC-4148-AF8E-93758EC01718}"
EndProject
Global
	GlobalSection(SolutionConfigurationPlatforms) = preSolution
		Debug|Any CPU = Debug|Any CPU
		Release|Any CPU = Release|Any CPU
	EndGlobalSection
	GlobalSection(ProjectConfigurationPlatforms) = postSolution
		{8C5118E6-B8CC-4148-AF8E-93758EC01718}.Debug|Any CPU.ActiveCfg = Debug|Any CPU
		{8C5118E6-B8CC-4148-AF8E-93758EC01718}.Debug|Any CPU.Build.0 = Debug|Any CPU
		{8C5118E6-B8CC-4148-AF8E-93758EC01718}.Release|Any CPU.ActiveCfg = Release|Any CPU
		{8C5118E6-B8CC-4148-AF8E-93758EC01718}.Release|Any CPU.Build.0 = Release|Any CPU
	EndGlobalSection
	GlobalSection(SolutionProperties) = preSolution
		HideSolutionNode = FALSE
	EndGlobalSection
	GlobalSection(ExtensibilityGlobals) = postSolution
		SolutionGuid = {358C9F00-B801-418B-BC1A-263CFF7480E0}
	EndGlobalSection
EndGlobal
