
Microsoft Visual Studio Solution File, Format Version 12.00
# Visual Studio Version 17
VisualStudioVersion = 17.2.32616.157
MinimumVisualStudioVersion = 10.0.40219.1
Project("{FAE04EC0-301F-11D3-BF4B-00C04F79EFBC}") = "SwordDamage", "SwordDamage.csproj", "{3B095C09-77F7-4277-BA1A-F8D18F39E4A0}"
EndProject
Global
	GlobalSection(SolutionConfigurationPlatforms) = preSolution
		Debug|Any CPU = Debug|Any CPU
		Release|Any CPU = Release|Any CPU
	EndGlobalSection
	GlobalSection(ProjectConfigurationPlatforms) = postSolution
		{3B095C09-77F7-4277-BA1A-F8D18F39E4A0}.Debug|Any CPU.ActiveCfg = Debug|Any CPU
		{3B095C09-77F7-4277-BA1A-F8D18F39E4A0}.Debug|Any CPU.Build.0 = Debug|Any CPU
		{3B095C09-77F7-4277-BA1A-F8D18F39E4A0}.Release|Any CPU.ActiveCfg = Release|Any CPU
		{3B095C09-77F7-4277-BA1A-F8D18F39E4A0}.Release|Any CPU.Build.0 = Release|Any CPU
	EndGlobalSection
	GlobalSection(SolutionProperties) = preSolution
		HideSolutionNode = FALSE
	EndGlobalSection
	GlobalSection(ExtensibilityGlobals) = postSolution
		SolutionGuid = {B1E82ED7-C21B-4281-BDA3-D66923945E6A}
	EndGlobalSection
EndGlobal
