
Microsoft Visual Studio Solution File, Format Version 12.00
# Visual Studio Version 17
VisualStudioVersion = 17.2.32616.157
MinimumVisualStudioVersion = 10.0.40219.1
Project("{FAE04EC0-301F-11D3-BF4B-00C04F79EFBC}") = "GoFish", "GoFish.csproj", "{DCFEC469-4026-47D6-ACF0-3482345BCD4D}"
EndProject
Project("{FAE04EC0-301F-11D3-BF4B-00C04F79EFBC}") = "GoFishTests", "..\GoFishTests\GoFishTests.csproj", "{C2415B17-8D77-4717-89EB-01D9309B94F3}"
EndProject
Global
	GlobalSection(SolutionConfigurationPlatforms) = preSolution
		Debug|Any CPU = Debug|Any CPU
		Release|Any CPU = Release|Any CPU
	EndGlobalSection
	GlobalSection(ProjectConfigurationPlatforms) = postSolution
		{DCFEC469-4026-47D6-ACF0-3482345BCD4D}.Debug|Any CPU.ActiveCfg = Debug|Any CPU
		{DCFEC469-4026-47D6-ACF0-3482345BCD4D}.Debug|Any CPU.Build.0 = Debug|Any CPU
		{DCFEC469-4026-47D6-ACF0-3482345BCD4D}.Release|Any CPU.ActiveCfg = Release|Any CPU
		{DCFEC469-4026-47D6-ACF0-3482345BCD4D}.Release|Any CPU.Build.0 = Release|Any CPU
		{C2415B17-8D77-4717-89EB-01D9309B94F3}.Debug|Any CPU.ActiveCfg = Debug|Any CPU
		{C2415B17-8D77-4717-89EB-01D9309B94F3}.Debug|Any CPU.Build.0 = Debug|Any CPU
		{C2415B17-8D77-4717-89EB-01D9309B94F3}.Release|Any CPU.ActiveCfg = Release|Any CPU
		{C2415B17-8D77-4717-89EB-01D9309B94F3}.Release|Any CPU.Build.0 = Release|Any CPU
	EndGlobalSection
	GlobalSection(SolutionProperties) = preSolution
		HideSolutionNode = FALSE
	EndGlobalSection
	GlobalSection(ExtensibilityGlobals) = postSolution
		SolutionGuid = {27E26713-4D86-4FAF-BF76-74256EE95F55}
	EndGlobalSection
EndGlobal
