
Microsoft Visual Studio Solution File, Format Version 12.00
# Visual Studio Version 17
VisualStudioVersion = 17.2.32616.157
MinimumVisualStudioVersion = 10.0.40219.1
Project("{FAE04EC0-301F-11D3-BF4B-00C04F79EFBC}") = "BeehiveManagementSystem", "BeehiveManagementSystem.csproj", "{D75E07E2-C6D3-4AAF-95B3-D04DEE579D4C}"
EndProject
Global
	GlobalSection(SolutionConfigurationPlatforms) = preSolution
		Debug|Any CPU = Debug|Any CPU
		Release|Any CPU = Release|Any CPU
	EndGlobalSection
	GlobalSection(ProjectConfigurationPlatforms) = postSolution
		{D75E07E2-C6D3-4AAF-95B3-D04DEE579D4C}.Debug|Any CPU.ActiveCfg = Debug|Any CPU
		{D75E07E2-C6D3-4AAF-95B3-D04DEE579D4C}.Debug|Any CPU.Build.0 = Debug|Any CPU
		{D75E07E2-C6D3-4AAF-95B3-D04DEE579D4C}.Release|Any CPU.ActiveCfg = Release|Any CPU
		{D75E07E2-C6D3-4AAF-95B3-D04DEE579D4C}.Release|Any CPU.Build.0 = Release|Any CPU
	EndGlobalSection
	GlobalSection(SolutionProperties) = preSolution
		HideSolutionNode = FALSE
	EndGlobalSection
	GlobalSection(ExtensibilityGlobals) = postSolution
		SolutionGuid = {D5C5A969-3899-4CAE-B837-1D59D1871C43}
	EndGlobalSection
EndGlobal
